
Microsoft Visual Studio Solution File, Format Version 12.00
# Visual Studio Version 16
VisualStudioVersion = 16.0.30114.105
MinimumVisualStudioVersion = 10.0.40219.1
Project("{FAE04EC0-301F-11D3-BF4B-00C04F79EFBC}") = "ULF_forsknings_uppgift", "ULF_forsknings_uppgift\ULF_forsknings_uppgift.csproj", "{C687FE9E-4401-4E5D-AFA2-3846FC4D7C4B}"
EndProject
Global
	GlobalSection(SolutionConfigurationPlatforms) = preSolution
		Debug|Any CPU = Debug|Any CPU
		Release|Any CPU = Release|Any CPU
	EndGlobalSection
	GlobalSection(SolutionProperties) = preSolution
		HideSolutionNode = FALSE
	EndGlobalSection
	GlobalSection(ProjectConfigurationPlatforms) = postSolution
		{C687FE9E-4401-4E5D-AFA2-3846FC4D7C4B}.Debug|Any CPU.ActiveCfg = Debug|Any CPU
		{C687FE9E-4401-4E5D-AFA2-3846FC4D7C4B}.Debug|Any CPU.Build.0 = Debug|Any CPU
		{C687FE9E-4401-4E5D-AFA2-3846FC4D7C4B}.Release|Any CPU.ActiveCfg = Release|Any CPU
		{C687FE9E-4401-4E5D-AFA2-3846FC4D7C4B}.Release|Any CPU.Build.0 = Release|Any CPU
	EndGlobalSection
EndGlobal
